{
  "nodes": {
    "hardware": {
      "locked": {
        "lastModified": 1703879120,
        "narHash": "sha256-oMJ5xtDswlBWxs0DT/aYKEUIhjEpGZJ9GbIxOclYP8I=",
        "owner": "nixos",
        "repo": "nixos-hardware",
        "rev": "22ae59fec26591ef72ce4ccb5538c42c5f090fe3",
        "type": "github"
      },
      "original": {
        "owner": "nixos",
        "repo": "nixos-hardware",
        "type": "github"
      }
    },
    "home-manager": {
      "inputs": {
        "nixpkgs": [
          "nixpkgs"
        ]
      },
      "locked": {
        "lastModified": 1719827385,
        "narHash": "sha256-qs+nU20Sm8czHg3bhGCqiH+8e13BJyRrKONW34g3i50=",
        "owner": "nix-community",
        "repo": "home-manager",
        "rev": "391ca6e950c2525b4f853cbe29922452c14eda82",
        "type": "github"
      },
      "original": {
        "owner": "nix-community",
        "ref": "release-24.05",
        "repo": "home-manager",
        "type": "github"
      }
    },
    "nixpkgs": {
      "locked": {
        "lastModified": 1719707984,
        "narHash": "sha256-RoxIr/fbndtuKqulGvNCcuzC6KdAib85Q8gXnjzA1dw=",
        "owner": "nixos",
        "repo": "nixpkgs",
        "rev": "7dca15289a1c2990efbe4680f0923ce14139b042",
        "type": "github"
      },
      "original": {
        "owner": "nixos",
        "ref": "nixos-24.05",
        "repo": "nixpkgs",
        "type": "github"
      }
    },
    "nixpkgs-unstable": {
      "locked": {
        "lastModified": 1703438236,
        "narHash": "sha256-aqVBq1u09yFhL7bj1/xyUeJjzr92fXVvQSSEx6AdB1M=",
        "owner": "nixos",
        "repo": "nixpkgs",
        "rev": "5f64a12a728902226210bf01d25ec6cbb9d9265b",
        "type": "github"
      },
      "original": {
        "owner": "nixos",
        "ref": "nixos-unstable",
        "repo": "nixpkgs",
        "type": "github"
      }
    },
    "root": {
      "inputs": {
        "hardware": "hardware",
        "home-manager": "home-manager",
        "nixpkgs": "nixpkgs",
        "nixpkgs-unstable": "nixpkgs-unstable"
      }
    }
  },
  "root": "root",
  "version": 7
}
